
Microsoft Visual Studio Solution File, Format Version 12.00
# SQL Server Management Studio Version 21
VisualStudioVersion = 17.14.36301.6
MinimumVisualStudioVersion = 10.0.40219.1
Project("{4F2E2C19-372F-40D8-9FA7-9D2138C6997A}") = "DB_PROJECT_DATABASE", "DB_PROJECT_DATABASE.ssmssqlproj", "{EC231600-ACE5-CC1A-8FC2-1145FCF32354}"
EndProject
Global
	GlobalSection(SolutionConfigurationPlatforms) = preSolution
		Default|Default = Default|Default
	EndGlobalSection
	GlobalSection(ProjectConfigurationPlatforms) = postSolution
		{EC231600-ACE5-CC1A-8FC2-1145FCF32354}.Default|Default.ActiveCfg = Default
		{7689D9EB-0DB3-43F1-9889-932931B232AA}.Default|Default.ActiveCfg = Default
	EndGlobalSection
	GlobalSection(SolutionProperties) = preSolution
		HideSolutionNode = FALSE
	EndGlobalSection
	GlobalSection(ExtensibilityGlobals) = postSolution
		SolutionGuid = {20D49EA0-01A1-4D47-84DB-34B047045236}
	EndGlobalSection
EndGlobal
